// !$*UTF8*$!
{
	archiveVersion = 1;
	classes = {
	};
	objectVersion = 48;
	objects = {

/* Begin PBXAggregateTarget section */
		C080890B2008DF8D0074B522 /* ChieryBusiness2_Universal */ = {
			isa = PBXAggregateTarget;
			buildConfigurationList = C080890C2008DF8D0074B522 /* Build configuration list for PBXAggregateTarget "ChieryBusiness2_Universal" */;
			buildPhases = (
				C080890F2008DF920074B522 /* ShellScript */,
			);
			dependencies = (
			);
			name = ChieryBusiness2_Universal;
			productName = ChieryBusiness2_Universal;
		};
/* End PBXAggregateTarget section */

/* Begin PBXBuildFile section */
		297DB4022004842800A4EBB9 /* main.m in Sources */ = {isa = PBXBuildFile; fileRef = 297DB4012004842800A4EBB9 /* main.m */; };
		44B95D4C8E959C2A3A456FD4 /* libPods-ChieryBusiness2App.a in Frameworks */ = {isa = PBXBuildFile; fileRef = 3A4B960E802F01E4DFEDB180 /* libPods-ChieryBusiness2App.a */; };
		9F755604B66454CCDD51037D /* libPods-ChieryBusiness2_a.a in Frameworks */ = {isa = PBXBuildFile; fileRef = 33C913C60DE484AD882BBFE1 /* libPods-ChieryBusiness2_a.a */; };
		C08089102008DFD70074B522 /* ChieryBusiness2.h in CopyFiles */ = {isa = PBXBuildFile; fileRef = 297DB3E0200482D500A4EBB9 /* ChieryBusiness2.h */; };
		C08089112008DFD70074B522 /* Business2JumpHandle.h in CopyFiles */ = {isa = PBXBuildFile; fileRef = 297DB3E9200483D500A4EBB9 /* Business2JumpHandle.h */; };
		C08089122008DFDE0074B522 /* ChieryBusiness2.m in Sources */ = {isa = PBXBuildFile; fileRef = 297DB3E1200482D500A4EBB9 /* ChieryBusiness2.m */; };
		C08089132008DFDE0074B522 /* Business2JumpHandle.m in Sources */ = {isa = PBXBuildFile; fileRef = 297DB3EA200483D500A4EBB9 /* Business2JumpHandle.m */; };
		C08089142008DFE90074B522 /* libChieryBusiness2_a.a in Frameworks */ = {isa = PBXBuildFile; fileRef = C08089022008DF5A0074B522 /* libChieryBusiness2_a.a */; };
/* End PBXBuildFile section */

/* Begin PBXCopyFilesBuildPhase section */
		C08089002008DF5A0074B522 /* CopyFiles */ = {
			isa = PBXCopyFilesBuildPhase;
			buildActionMask = 2147483647;
			dstPath = "include/$(PRODUCT_NAME)";
			dstSubfolderSpec = 16;
			files = (
				C08089102008DFD70074B522 /* ChieryBusiness2.h in CopyFiles */,
				C08089112008DFD70074B522 /* Business2JumpHandle.h in CopyFiles */,
			);
			runOnlyForDeploymentPostprocessing = 0;
		};
/* End PBXCopyFilesBuildPhase section */

/* Begin PBXFileReference section */
		297DB3E0200482D500A4EBB9 /* ChieryBusiness2.h */ = {isa = PBXFileReference; lastKnownFileType = sourcecode.c.h; path = ChieryBusiness2.h; sourceTree = "<group>"; };
		297DB3E1200482D500A4EBB9 /* ChieryBusiness2.m */ = {isa = PBXFileReference; lastKnownFileType = sourcecode.c.objc; path = ChieryBusiness2.m; sourceTree = "<group>"; };
		297DB3E9200483D500A4EBB9 /* Business2JumpHandle.h */ = {isa = PBXFileReference; lastKnownFileType = sourcecode.c.h; path = Business2JumpHandle.h; sourceTree = "<group>"; };
		297DB3EA200483D500A4EBB9 /* Business2JumpHandle.m */ = {isa = PBXFileReference; lastKnownFileType = sourcecode.c.objc; path = Business2JumpHandle.m; sourceTree = "<group>"; };
		297DB3F02004842800A4EBB9 /* ChieryBusiness2App.app */ = {isa = PBXFileReference; explicitFileType = wrapper.application; includeInIndex = 0; path = ChieryBusiness2App.app; sourceTree = BUILT_PRODUCTS_DIR; };
		297DB4002004842800A4EBB9 /* Info.plist */ = {isa = PBXFileReference; lastKnownFileType = text.plist.xml; path = Info.plist; sourceTree = "<group>"; };
		297DB4012004842800A4EBB9 /* main.m */ = {isa = PBXFileReference; lastKnownFileType = sourcecode.c.objc; path = main.m; sourceTree = "<group>"; };
		33C913C60DE484AD882BBFE1 /* libPods-ChieryBusiness2_a.a */ = {isa = PBXFileReference; explicitFileType = archive.ar; includeInIndex = 0; path = "libPods-ChieryBusiness2_a.a"; sourceTree = BUILT_PRODUCTS_DIR; };
		3A4B960E802F01E4DFEDB180 /* libPods-ChieryBusiness2App.a */ = {isa = PBXFileReference; explicitFileType = archive.ar; includeInIndex = 0; path = "libPods-ChieryBusiness2App.a"; sourceTree = BUILT_PRODUCTS_DIR; };
		5344CF1E69BD312A0B834897 /* Pods-ChieryBusiness2.debug.xcconfig */ = {isa = PBXFileReference; includeInIndex = 1; lastKnownFileType = text.xcconfig; name = "Pods-ChieryBusiness2.debug.xcconfig"; path = "Pods/Target Support Files/Pods-ChieryBusiness2/Pods-ChieryBusiness2.debug.xcconfig"; sourceTree = "<group>"; };
		54B12C926E3F73D389B48569 /* Pods-ChieryBusiness2App.release.xcconfig */ = {isa = PBXFileReference; includeInIndex = 1; lastKnownFileType = text.xcconfig; name = "Pods-ChieryBusiness2App.release.xcconfig"; path = "Pods/Target Support Files/Pods-ChieryBusiness2App/Pods-ChieryBusiness2App.release.xcconfig"; sourceTree = "<group>"; };
		68C87C7B7D0D29E6559C93C1 /* libPods-ChieryBusiness2.a */ = {isa = PBXFileReference; explicitFileType = archive.ar; includeInIndex = 0; path = "libPods-ChieryBusiness2.a"; sourceTree = BUILT_PRODUCTS_DIR; };
		6ED7E012E187ADC9AD49D2A0 /* Pods-ChieryBusiness2_a.debug.xcconfig */ = {isa = PBXFileReference; includeInIndex = 1; lastKnownFileType = text.xcconfig; name = "Pods-ChieryBusiness2_a.debug.xcconfig"; path = "Pods/Target Support Files/Pods-ChieryBusiness2_a/Pods-ChieryBusiness2_a.debug.xcconfig"; sourceTree = "<group>"; };
		A45E8517EB72ADADF694996D /* Pods-ChieryBusiness2App.debug.xcconfig */ = {isa = PBXFileReference; includeInIndex = 1; lastKnownFileType = text.xcconfig; name = "Pods-ChieryBusiness2App.debug.xcconfig"; path = "Pods/Target Support Files/Pods-ChieryBusiness2App/Pods-ChieryBusiness2App.debug.xcconfig"; sourceTree = "<group>"; };
		C08089022008DF5A0074B522 /* libChieryBusiness2_a.a */ = {isa = PBXFileReference; explicitFileType = archive.ar; includeInIndex = 0; path = libChieryBusiness2_a.a; sourceTree = BUILT_PRODUCTS_DIR; };
		D10EBD87440CCCCCF0A0373A /* Pods-ChieryBusiness2.release.xcconfig */ = {isa = PBXFileReference; includeInIndex = 1; lastKnownFileType = text.xcconfig; name = "Pods-ChieryBusiness2.release.xcconfig"; path = "Pods/Target Support Files/Pods-ChieryBusiness2/Pods-ChieryBusiness2.release.xcconfig"; sourceTree = "<group>"; };
		D6679136BB288AB7842556F1 /* Pods-ChieryBusiness2_a.release.xcconfig */ = {isa = PBXFileReference; includeInIndex = 1; lastKnownFileType = text.xcconfig; name = "Pods-ChieryBusiness2_a.release.xcconfig"; path = "Pods/Target Support Files/Pods-ChieryBusiness2_a/Pods-ChieryBusiness2_a.release.xcconfig"; sourceTree = "<group>"; };
/* End PBXFileReference section */

/* Begin PBXFrameworksBuildPhase section */
		297DB3ED2004842800A4EBB9 /* Frameworks */ = {
			isa = PBXFrameworksBuildPhase;
			buildActionMask = 2147483647;
			files = (
				C08089142008DFE90074B522 /* libChieryBusiness2_a.a in Frameworks */,
				44B95D4C8E959C2A3A456FD4 /* libPods-ChieryBusiness2App.a in Frameworks */,
			);
			runOnlyForDeploymentPostprocessing = 0;
		};
		C08088FF2008DF5A0074B522 /* Frameworks */ = {
			isa = PBXFrameworksBuildPhase;
			buildActionMask = 2147483647;
			files = (
				9F755604B66454CCDD51037D /* libPods-ChieryBusiness2_a.a in Frameworks */,
			);
			runOnlyForDeploymentPostprocessing = 0;
		};
/* End PBXFrameworksBuildPhase section */

/* Begin PBXGroup section */
		297DB3D4200482D500A4EBB9 = {
			isa = PBXGroup;
			children = (
				297DB3DF200482D500A4EBB9 /* ChieryBusiness2 */,
				297DB3F12004842800A4EBB9 /* ChieryBusiness2App */,
				297DB3DE200482D500A4EBB9 /* Products */,
				297DB40620048AAD00A4EBB9 /* Frameworks */,
				B6C6D23B5CCD12AE3AB6BDB9 /* Pods */,
			);
			sourceTree = "<group>";
		};
		297DB3DE200482D500A4EBB9 /* Products */ = {
			isa = PBXGroup;
			children = (
				297DB3F02004842800A4EBB9 /* ChieryBusiness2App.app */,
				C08089022008DF5A0074B522 /* libChieryBusiness2_a.a */,
			);
			name = Products;
			sourceTree = "<group>";
		};
		297DB3DF200482D500A4EBB9 /* ChieryBusiness2 */ = {
			isa = PBXGroup;
			children = (
				297DB3E0200482D500A4EBB9 /* ChieryBusiness2.h */,
				297DB3E1200482D500A4EBB9 /* ChieryBusiness2.m */,
				297DB3E9200483D500A4EBB9 /* Business2JumpHandle.h */,
				297DB3EA200483D500A4EBB9 /* Business2JumpHandle.m */,
			);
			path = ChieryBusiness2;
			sourceTree = "<group>";
		};
		297DB3F12004842800A4EBB9 /* ChieryBusiness2App */ = {
			isa = PBXGroup;
			children = (
				297DB4002004842800A4EBB9 /* Info.plist */,
				297DB4012004842800A4EBB9 /* main.m */,
			);
			path = ChieryBusiness2App;
			sourceTree = "<group>";
		};
		297DB40620048AAD00A4EBB9 /* Frameworks */ = {
			isa = PBXGroup;
			children = (
				68C87C7B7D0D29E6559C93C1 /* libPods-ChieryBusiness2.a */,
				3A4B960E802F01E4DFEDB180 /* libPods-ChieryBusiness2App.a */,
				33C913C60DE484AD882BBFE1 /* libPods-ChieryBusiness2_a.a */,
			);
			name = Frameworks;
			sourceTree = "<group>";
		};
		B6C6D23B5CCD12AE3AB6BDB9 /* Pods */ = {
			isa = PBXGroup;
			children = (
				5344CF1E69BD312A0B834897 /* Pods-ChieryBusiness2.debug.xcconfig */,
				D10EBD87440CCCCCF0A0373A /* Pods-ChieryBusiness2.release.xcconfig */,
				A45E8517EB72ADADF694996D /* Pods-ChieryBusiness2App.debug.xcconfig */,
				54B12C926E3F73D389B48569 /* Pods-ChieryBusiness2App.release.xcconfig */,
				6ED7E012E187ADC9AD49D2A0 /* Pods-ChieryBusiness2_a.debug.xcconfig */,
				D6679136BB288AB7842556F1 /* Pods-ChieryBusiness2_a.release.xcconfig */,
			);
			name = Pods;
			sourceTree = "<group>";
		};
/* End PBXGroup section */

/* Begin PBXNativeTarget section */
		297DB3EF2004842800A4EBB9 /* ChieryBusiness2App */ = {
			isa = PBXNativeTarget;
			buildConfigurationList = 297DB4032004842800A4EBB9 /* Build configuration list for PBXNativeTarget "ChieryBusiness2App" */;
			buildPhases = (
				FB730ECCDA9BC4E95D2C0435 /* [CP] Check Pods Manifest.lock */,
				297DB3EC2004842800A4EBB9 /* Sources */,
				297DB3ED2004842800A4EBB9 /* Frameworks */,
				297DB3EE2004842800A4EBB9 /* Resources */,
				DCC7A96FBF0DF4B6B333979F /* [CP] Embed Pods Frameworks */,
				1A17B1A96522F6FE8CE60DCA /* [CP] Copy Pods Resources */,
			);
			buildRules = (
			);
			dependencies = (
			);
			name = ChieryBusiness2App;
			productName = ChieryBusiness2App;
			productReference = 297DB3F02004842800A4EBB9 /* ChieryBusiness2App.app */;
			productType = "com.apple.product-type.application";
		};
		C08089012008DF5A0074B522 /* ChieryBusiness2_a */ = {
			isa = PBXNativeTarget;
			buildConfigurationList = C08089082008DF5A0074B522 /* Build configuration list for PBXNativeTarget "ChieryBusiness2_a" */;
			buildPhases = (
				28C69DF34C2325501E2E7962 /* [CP] Check Pods Manifest.lock */,
				C08088FE2008DF5A0074B522 /* Sources */,
				C08088FF2008DF5A0074B522 /* Frameworks */,
				C08089002008DF5A0074B522 /* CopyFiles */,
				C6E63467D0A73EA1D6F442A0 /* [CP] Copy Pods Resources */,
			);
			buildRules = (
			);
			dependencies = (
			);
			name = ChieryBusiness2_a;
			productName = ChieryBusiness2_a;
			productReference = C08089022008DF5A0074B522 /* libChieryBusiness2_a.a */;
			productType = "com.apple.product-type.library.static";
		};
/* End PBXNativeTarget section */

/* Begin PBXProject section */
		297DB3D5200482D500A4EBB9 /* Project object */ = {
			isa = PBXProject;
			attributes = {
				LastUpgradeCheck = 0920;
				ORGANIZATIONNAME = com.chiery.com;
				TargetAttributes = {
					297DB3EF2004842800A4EBB9 = {
						CreatedOnToolsVersion = 9.2;
						ProvisioningStyle = Automatic;
					};
					C08089012008DF5A0074B522 = {
						CreatedOnToolsVersion = 9.2;
						ProvisioningStyle = Automatic;
					};
					C080890B2008DF8D0074B522 = {
						CreatedOnToolsVersion = 9.2;
						ProvisioningStyle = Automatic;
					};
				};
			};
			buildConfigurationList = 297DB3D8200482D500A4EBB9 /* Build configuration list for PBXProject "ChieryBusiness2" */;
			compatibilityVersion = "Xcode 8.0";
			developmentRegion = en;
			hasScannedForEncodings = 0;
			knownRegions = (
				en,
				Base,
			);
			mainGroup = 297DB3D4200482D500A4EBB9;
			productRefGroup = 297DB3DE200482D500A4EBB9 /* Products */;
			projectDirPath = "";
			projectRoot = "";
			targets = (
				297DB3EF2004842800A4EBB9 /* ChieryBusiness2App */,
				C08089012008DF5A0074B522 /* ChieryBusiness2_a */,
				C080890B2008DF8D0074B522 /* ChieryBusiness2_Universal */,
			);
		};
/* End PBXProject section */

/* Begin PBXResourcesBuildPhase section */
		297DB3EE2004842800A4EBB9 /* Resources */ = {
			isa = PBXResourcesBuildPhase;
			buildActionMask = 2147483647;
			files = (
			);
			runOnlyForDeploymentPostprocessing = 0;
		};
/* End PBXResourcesBuildPhase section */

/* Begin PBXShellScriptBuildPhase section */
		1A17B1A96522F6FE8CE60DCA /* [CP] Copy Pods Resources */ = {
			isa = PBXShellScriptBuildPhase;
			buildActionMask = 2147483647;
			files = (
			);
			inputPaths = (
				"${SRCROOT}/Pods/Target Support Files/Pods-ChieryBusiness2App/Pods-ChieryBusiness2App-resources.sh",
				"${PODS_ROOT}/ChieryJumpHandleLib/library/jumpMap.plist",
			);
			name = "[CP] Copy Pods Resources";
			outputPaths = (
				"${TARGET_BUILD_DIR}/${UNLOCALIZED_RESOURCES_FOLDER_PATH}",
			);
			runOnlyForDeploymentPostprocessing = 0;
			shellPath = /bin/sh;
			shellScript = "\"${SRCROOT}/Pods/Target Support Files/Pods-ChieryBusiness2App/Pods-ChieryBusiness2App-resources.sh\"\n";
			showEnvVarsInLog = 0;
		};
		28C69DF34C2325501E2E7962 /* [CP] Check Pods Manifest.lock */ = {
			isa = PBXShellScriptBuildPhase;
			buildActionMask = 2147483647;
			files = (
			);
			inputPaths = (
				"${PODS_PODFILE_DIR_PATH}/Podfile.lock",
				"${PODS_ROOT}/Manifest.lock",
			);
			name = "[CP] Check Pods Manifest.lock";
			outputPaths = (
				"$(DERIVED_FILE_DIR)/Pods-ChieryBusiness2_a-checkManifestLockResult.txt",
			);
			runOnlyForDeploymentPostprocessing = 0;
			shellPath = /bin/sh;
			shellScript = "diff \"${PODS_PODFILE_DIR_PATH}/Podfile.lock\" \"${PODS_ROOT}/Manifest.lock\" > /dev/null\nif [ $? != 0 ] ; then\n    # print error to STDERR\n    echo \"error: The sandbox is not in sync with the Podfile.lock. Run 'pod install' or update your CocoaPods installation.\" >&2\n    exit 1\nfi\n# This output is used by Xcode 'outputs' to avoid re-running this script phase.\necho \"SUCCESS\" > \"${SCRIPT_OUTPUT_FILE_0}\"\n";
			showEnvVarsInLog = 0;
		};
		C080890F2008DF920074B522 /* ShellScript */ = {
			isa = PBXShellScriptBuildPhase;
			buildActionMask = 2147483647;
			files = (
			);
			inputPaths = (
			);
			outputPaths = (
			);
			runOnlyForDeploymentPostprocessing = 0;
			shellPath = /bin/sh;
			shellScript = "";
		};
		C6E63467D0A73EA1D6F442A0 /* [CP] Copy Pods Resources */ = {
			isa = PBXShellScriptBuildPhase;
			buildActionMask = 2147483647;
			files = (
			);
			inputPaths = (
				"${SRCROOT}/Pods/Target Support Files/Pods-ChieryBusiness2_a/Pods-ChieryBusiness2_a-resources.sh",
				"${PODS_ROOT}/ChieryJumpHandleLib/library/jumpMap.plist",
			);
			name = "[CP] Copy Pods Resources";
			outputPaths = (
				"${TARGET_BUILD_DIR}/${UNLOCALIZED_RESOURCES_FOLDER_PATH}",
			);
			runOnlyForDeploymentPostprocessing = 0;
			shellPath = /bin/sh;
			shellScript = "\"${SRCROOT}/Pods/Target Support Files/Pods-ChieryBusiness2_a/Pods-ChieryBusiness2_a-resources.sh\"\n";
			showEnvVarsInLog = 0;
		};
		DCC7A96FBF0DF4B6B333979F /* [CP] Embed Pods Frameworks */ = {
			isa = PBXShellScriptBuildPhase;
			buildActionMask = 2147483647;
			files = (
			);
			inputPaths = (
			);
			name = "[CP] Embed Pods Frameworks";
			outputPaths = (
			);
			runOnlyForDeploymentPostprocessing = 0;
			shellPath = /bin/sh;
			shellScript = "\"${SRCROOT}/Pods/Target Support Files/Pods-ChieryBusiness2App/Pods-ChieryBusiness2App-frameworks.sh\"\n";
			showEnvVarsInLog = 0;
		};
		FB730ECCDA9BC4E95D2C0435 /* [CP] Check Pods Manifest.lock */ = {
			isa = PBXShellScriptBuildPhase;
			buildActionMask = 2147483647;
			files = (
			);
			inputPaths = (
				"${PODS_PODFILE_DIR_PATH}/Podfile.lock",
				"${PODS_ROOT}/Manifest.lock",
			);
			name = "[CP] Check Pods Manifest.lock";
			outputPaths = (
				"$(DERIVED_FILE_DIR)/Pods-ChieryBusiness2App-checkManifestLockResult.txt",
			);
			runOnlyForDeploymentPostprocessing = 0;
			shellPath = /bin/sh;
			shellScript = "diff \"${PODS_PODFILE_DIR_PATH}/Podfile.lock\" \"${PODS_ROOT}/Manifest.lock\" > /dev/null\nif [ $? != 0 ] ; then\n    # print error to STDERR\n    echo \"error: The sandbox is not in sync with the Podfile.lock. Run 'pod install' or update your CocoaPods installation.\" >&2\n    exit 1\nfi\n# This output is used by Xcode 'outputs' to avoid re-running this script phase.\necho \"SUCCESS\" > \"${SCRIPT_OUTPUT_FILE_0}\"\n";
			showEnvVarsInLog = 0;
		};
/* End PBXShellScriptBuildPhase section */

/* Begin PBXSourcesBuildPhase section */
		297DB3EC2004842800A4EBB9 /* Sources */ = {
			isa = PBXSourcesBuildPhase;
			buildActionMask = 2147483647;
			files = (
				297DB4022004842800A4EBB9 /* main.m in Sources */,
			);
			runOnlyForDeploymentPostprocessing = 0;
		};
		C08088FE2008DF5A0074B522 /* Sources */ = {
			isa = PBXSourcesBuildPhase;
			buildActionMask = 2147483647;
			files = (
				C08089132008DFDE0074B522 /* Business2JumpHandle.m in Sources */,
				C08089122008DFDE0074B522 /* ChieryBusiness2.m in Sources */,
			);
			runOnlyForDeploymentPostprocessing = 0;
		};
/* End PBXSourcesBuildPhase section */

/* Begin XCBuildConfiguration section */
		297DB3E4200482D500A4EBB9 /* Debug */ = {
			isa = XCBuildConfiguration;
			buildSettings = {
				ALWAYS_SEARCH_USER_PATHS = NO;
				CLANG_ANALYZER_NONNULL = YES;
				CLANG_ANALYZER_NUMBER_OBJECT_CONVERSION = YES_AGGRESSIVE;
				CLANG_CXX_LANGUAGE_STANDARD = "gnu++14";
				CLANG_CXX_LIBRARY = "libc++";
				CLANG_ENABLE_MODULES = YES;
				CLANG_ENABLE_OBJC_ARC = YES;
				CLANG_WARN_BLOCK_CAPTURE_AUTORELEASING = YES;
				CLANG_WARN_BOOL_CONVERSION = YES;
				CLANG_WARN_COMMA = YES;
				CLANG_WARN_CONSTANT_CONVERSION = YES;
				CLANG_WARN_DIRECT_OBJC_ISA_USAGE = YES_ERROR;
				CLANG_WARN_DOCUMENTATION_COMMENTS = YES;
				CLANG_WARN_EMPTY_BODY = YES;
				CLANG_WARN_ENUM_CONVERSION = YES;
				CLANG_WARN_INFINITE_RECURSION = YES;
				CLANG_WARN_INT_CONVERSION = YES;
				CLANG_WARN_NON_LITERAL_NULL_CONVERSION = YES;
				CLANG_WARN_OBJC_LITERAL_CONVERSION = YES;
				CLANG_WARN_OBJC_ROOT_CLASS = YES_ERROR;
				CLANG_WARN_RANGE_LOOP_ANALYSIS = YES;
				CLANG_WARN_STRICT_PROTOTYPES = YES;
				CLANG_WARN_SUSPICIOUS_MOVE = YES;
				CLANG_WARN_UNGUARDED_AVAILABILITY = YES_AGGRESSIVE;
				CLANG_WARN_UNREACHABLE_CODE = YES;
				CLANG_WARN__DUPLICATE_METHOD_MATCH = YES;
				CODE_SIGN_IDENTITY = "iPhone Developer";
				COPY_PHASE_STRIP = NO;
				DEBUG_INFORMATION_FORMAT = dwarf;
				ENABLE_STRICT_OBJC_MSGSEND = YES;
				ENABLE_TESTABILITY = YES;
				GCC_C_LANGUAGE_STANDARD = gnu11;
				GCC_DYNAMIC_NO_PIC = NO;
				GCC_NO_COMMON_BLOCKS = YES;
				GCC_OPTIMIZATION_LEVEL = 0;
				GCC_PREPROCESSOR_DEFINITIONS = (
					"DEBUG=1",
					"$(inherited)",
				);
				GCC_WARN_64_TO_32_BIT_CONVERSION = YES;
				GCC_WARN_ABOUT_RETURN_TYPE = YES_ERROR;
				GCC_WARN_UNDECLARED_SELECTOR = YES;
				GCC_WARN_UNINITIALIZED_AUTOS = YES_AGGRESSIVE;
				GCC_WARN_UNUSED_FUNCTION = YES;
				GCC_WARN_UNUSED_VARIABLE = YES;
				IPHONEOS_DEPLOYMENT_TARGET = 8.0;
				MTL_ENABLE_DEBUG_INFO = YES;
				ONLY_ACTIVE_ARCH = YES;
				SDKROOT = iphoneos;
			};
			name = Debug;
		};
		297DB3E5200482D500A4EBB9 /* Release */ = {
			isa = XCBuildConfiguration;
			buildSettings = {
				ALWAYS_SEARCH_USER_PATHS = NO;
				CLANG_ANALYZER_NONNULL = YES;
				CLANG_ANALYZER_NUMBER_OBJECT_CONVERSION = YES_AGGRESSIVE;
				CLANG_CXX_LANGUAGE_STANDARD = "gnu++14";
				CLANG_CXX_LIBRARY = "libc++";
				CLANG_ENABLE_MODULES = YES;
				CLANG_ENABLE_OBJC_ARC = YES;
				CLANG_WARN_BLOCK_CAPTURE_AUTORELEASING = YES;
				CLANG_WARN_BOOL_CONVERSION = YES;
				CLANG_WARN_COMMA = YES;
				CLANG_WARN_CONSTANT_CONVERSION = YES;
				CLANG_WARN_DIRECT_OBJC_ISA_USAGE = YES_ERROR;
				CLANG_WARN_DOCUMENTATION_COMMENTS = YES;
				CLANG_WARN_EMPTY_BODY = YES;
				CLANG_WARN_ENUM_CONVERSION = YES;
				CLANG_WARN_INFINITE_RECURSION = YES;
				CLANG_WARN_INT_CONVERSION = YES;
				CLANG_WARN_NON_LITERAL_NULL_CONVERSION = YES;
				CLANG_WARN_OBJC_LITERAL_CONVERSION = YES;
				CLANG_WARN_OBJC_ROOT_CLASS = YES_ERROR;
				CLANG_WARN_RANGE_LOOP_ANALYSIS = YES;
				CLANG_WARN_STRICT_PROTOTYPES = YES;
				CLANG_WARN_SUSPICIOUS_MOVE = YES;
				CLANG_WARN_UNGUARDED_AVAILABILITY = YES_AGGRESSIVE;
				CLANG_WARN_UNREACHABLE_CODE = YES;
				CLANG_WARN__DUPLICATE_METHOD_MATCH = YES;
				CODE_SIGN_IDENTITY = "iPhone Developer";
				COPY_PHASE_STRIP = NO;
				DEBUG_INFORMATION_FORMAT = "dwarf-with-dsym";
				ENABLE_NS_ASSERTIONS = NO;
				ENABLE_STRICT_OBJC_MSGSEND = YES;
				GCC_C_LANGUAGE_STANDARD = gnu11;
				GCC_NO_COMMON_BLOCKS = YES;
				GCC_WARN_64_TO_32_BIT_CONVERSION = YES;
				GCC_WARN_ABOUT_RETURN_TYPE = YES_ERROR;
				GCC_WARN_UNDECLARED_SELECTOR = YES;
				GCC_WARN_UNINITIALIZED_AUTOS = YES_AGGRESSIVE;
				GCC_WARN_UNUSED_FUNCTION = YES;
				GCC_WARN_UNUSED_VARIABLE = YES;
				IPHONEOS_DEPLOYMENT_TARGET = 8.0;
				MTL_ENABLE_DEBUG_INFO = NO;
				SDKROOT = iphoneos;
				VALIDATE_PRODUCT = YES;
			};
			name = Release;
		};
		297DB4042004842800A4EBB9 /* Debug */ = {
			isa = XCBuildConfiguration;
			baseConfigurationReference = A45E8517EB72ADADF694996D /* Pods-ChieryBusiness2App.debug.xcconfig */;
			buildSettings = {
				ASSETCATALOG_COMPILER_APPICON_NAME = AppIcon;
				CODE_SIGN_STYLE = Automatic;
				DEVELOPMENT_TEAM = MN863V35DU;
				INFOPLIST_FILE = ChieryBusiness2App/Info.plist;
				LD_RUNPATH_SEARCH_PATHS = "$(inherited) @executable_path/Frameworks";
				PRODUCT_BUNDLE_IDENTIFIER = chiery.ChieryBusiness2App;
				PRODUCT_NAME = "$(TARGET_NAME)";
				TARGETED_DEVICE_FAMILY = "1,2";
			};
			name = Debug;
		};
		297DB4052004842800A4EBB9 /* Release */ = {
			isa = XCBuildConfiguration;
			baseConfigurationReference = 54B12C926E3F73D389B48569 /* Pods-ChieryBusiness2App.release.xcconfig */;
			buildSettings = {
				ASSETCATALOG_COMPILER_APPICON_NAME = AppIcon;
				CODE_SIGN_STYLE = Automatic;
				DEVELOPMENT_TEAM = MN863V35DU;
				INFOPLIST_FILE = ChieryBusiness2App/Info.plist;
				LD_RUNPATH_SEARCH_PATHS = "$(inherited) @executable_path/Frameworks";
				PRODUCT_BUNDLE_IDENTIFIER = chiery.ChieryBusiness2App;
				PRODUCT_NAME = "$(TARGET_NAME)";
				TARGETED_DEVICE_FAMILY = "1,2";
			};
			name = Release;
		};
		C08089092008DF5A0074B522 /* Debug */ = {
			isa = XCBuildConfiguration;
			baseConfigurationReference = 6ED7E012E187ADC9AD49D2A0 /* Pods-ChieryBusiness2_a.debug.xcconfig */;
			buildSettings = {
				CODE_SIGN_STYLE = Automatic;
				OTHER_LDFLAGS = "-ObjC";
				PRODUCT_NAME = "$(TARGET_NAME)";
				SKIP_INSTALL = YES;
				TARGETED_DEVICE_FAMILY = "1,2";
			};
			name = Debug;
		};
		C080890A2008DF5A0074B522 /* Release */ = {
			isa = XCBuildConfiguration;
			baseConfigurationReference = D6679136BB288AB7842556F1 /* Pods-ChieryBusiness2_a.release.xcconfig */;
			buildSettings = {
				CODE_SIGN_STYLE = Automatic;
				OTHER_LDFLAGS = "-ObjC";
				PRODUCT_NAME = "$(TARGET_NAME)";
				SKIP_INSTALL = YES;
				TARGETED_DEVICE_FAMILY = "1,2";
			};
			name = Release;
		};
		C080890D2008DF8D0074B522 /* Debug */ = {
			isa = XCBuildConfiguration;
			buildSettings = {
				CODE_SIGN_STYLE = Automatic;
				PRODUCT_NAME = "$(TARGET_NAME)";
			};
			name = Debug;
		};
		C080890E2008DF8D0074B522 /* Release */ = {
			isa = XCBuildConfiguration;
			buildSettings = {
				CODE_SIGN_STYLE = Automatic;
				PRODUCT_NAME = "$(TARGET_NAME)";
			};
			name = Release;
		};
/* End XCBuildConfiguration section */

/* Begin XCConfigurationList section */
		297DB3D8200482D500A4EBB9 /* Build configuration list for PBXProject "ChieryBusiness2" */ = {
			isa = XCConfigurationList;
			buildConfigurations = (
				297DB3E4200482D500A4EBB9 /* Debug */,
				297DB3E5200482D500A4EBB9 /* Release */,
			);
			defaultConfigurationIsVisible = 0;
			defaultConfigurationName = Release;
		};
		297DB4032004842800A4EBB9 /* Build configuration list for PBXNativeTarget "ChieryBusiness2App" */ = {
			isa = XCConfigurationList;
			buildConfigurations = (
				297DB4042004842800A4EBB9 /* Debug */,
				297DB4052004842800A4EBB9 /* Release */,
			);
			defaultConfigurationIsVisible = 0;
			defaultConfigurationName = Release;
		};
		C08089082008DF5A0074B522 /* Build configuration list for PBXNativeTarget "ChieryBusiness2_a" */ = {
			isa = XCConfigurationList;
			buildConfigurations = (
				C08089092008DF5A0074B522 /* Debug */,
				C080890A2008DF5A0074B522 /* Release */,
			);
			defaultConfigurationIsVisible = 0;
			defaultConfigurationName = Release;
		};
		C080890C2008DF8D0074B522 /* Build configuration list for PBXAggregateTarget "ChieryBusiness2_Universal" */ = {
			isa = XCConfigurationList;
			buildConfigurations = (
				C080890D2008DF8D0074B522 /* Debug */,
				C080890E2008DF8D0074B522 /* Release */,
			);
			defaultConfigurationIsVisible = 0;
			defaultConfigurationName = Release;
		};
/* End XCConfigurationList section */
	};
	rootObject = 297DB3D5200482D500A4EBB9 /* Project object */;
}
